// !$*UTF8*$!
{
	archiveVersion = 1;
	classes = {
	};
	objectVersion = 50;
	objects = {

/* Begin PBXBuildFile section */
		F23E6F3E24EE53590013CDC8 /* AppDelegate.swift in Sources */ = {isa = PBXBuildFile; fileRef = F23E6F3D24EE53590013CDC8 /* AppDelegate.swift */; };
		F23E6F4024EE53590013CDC8 /* SceneDelegate.swift in Sources */ = {isa = PBXBuildFile; fileRef = F23E6F3F24EE53590013CDC8 /* SceneDelegate.swift */; };
		F23E6F4224EE53590013CDC8 /* ContentView.swift in Sources */ = {isa = PBXBuildFile; fileRef = F23E6F4124EE53590013CDC8 /* ContentView.swift */; };
		F23E6F4424EE535D0013CDC8 /* Assets.xcassets in Resources */ = {isa = PBXBuildFile; fileRef = F23E6F4324EE535D0013CDC8 /* Assets.xcassets */; };
		F23E6F4724EE535D0013CDC8 /* Preview Assets.xcassets in Resources */ = {isa = PBXBuildFile; fileRef = F23E6F4624EE535D0013CDC8 /* Preview Assets.xcassets */; };
		F23E6F4A24EE535D0013CDC8 /* LaunchScreen.storyboard in Resources */ = {isa = PBXBuildFile; fileRef = F23E6F4824EE535D0013CDC8 /* LaunchScreen.storyboard */; };
		F23E6F5224EE56610013CDC8 /* MapView.swift in Sources */ = {isa = PBXBuildFile; fileRef = F23E6F5124EE56610013CDC8 /* MapView.swift */; };
		F23E6F5424EE573E0013CDC8 /* MyImage.swift in Sources */ = {isa = PBXBuildFile; fileRef = F23E6F5324EE573E0013CDC8 /* MyImage.swift */; };
/* End PBXBuildFile section */

/* Begin PBXFileReference section */
		F23E6F3A24EE53590013CDC8 /* SUStudy_HW_1.app */ = {isa = PBXFileReference; explicitFileType = wrapper.application; includeInIndex = 0; path = SUStudy_HW_1.app; sourceTree = BUILT_PRODUCTS_DIR; };
		F23E6F3D24EE53590013CDC8 /* AppDelegate.swift */ = {isa = PBXFileReference; lastKnownFileType = sourcecode.swift; path = AppDelegate.swift; sourceTree = "<group>"; };
		F23E6F3F24EE53590013CDC8 /* SceneDelegate.swift */ = {isa = PBXFileReference; lastKnownFileType = sourcecode.swift; path = SceneDelegate.swift; sourceTree = "<group>"; };
		F23E6F4124EE53590013CDC8 /* ContentView.swift */ = {isa = PBXFileReference; lastKnownFileType = sourcecode.swift; path = ContentView.swift; sourceTree = "<group>"; };
		F23E6F4324EE535D0013CDC8 /* Assets.xcassets */ = {isa = PBXFileReference; lastKnownFileType = folder.assetcatalog; path = Assets.xcassets; sourceTree = "<group>"; };
		F23E6F4624EE535D0013CDC8 /* Preview Assets.xcassets */ = {isa = PBXFileReference; lastKnownFileType = folder.assetcatalog; path = "Preview Assets.xcassets"; sourceTree = "<group>"; };
		F23E6F4924EE535D0013CDC8 /* Base */ = {isa = PBXFileReference; lastKnownFileType = file.storyboard; name = Base; path = Base.lproj/LaunchScreen.storyboard; sourceTree = "<group>"; };
		F23E6F4B24EE535D0013CDC8 /* Info.plist */ = {isa = PBXFileReference; lastKnownFileType = text.plist.xml; path = Info.plist; sourceTree = "<group>"; };
		F23E6F5124EE56610013CDC8 /* MapView.swift */ = {isa = PBXFileReference; lastKnownFileType = sourcecode.swift; path = MapView.swift; sourceTree = "<group>"; };
		F23E6F5324EE573E0013CDC8 /* MyImage.swift */ = {isa = PBXFileReference; lastKnownFileType = sourcecode.swift; path = MyImage.swift; sourceTree = "<group>"; };
/* End PBXFileReference section */

/* Begin PBXFrameworksBuildPhase section */
		F23E6F3724EE53590013CDC8 /* Frameworks */ = {
			isa = PBXFrameworksBuildPhase;
			buildActionMask = 2147483647;
			files = (
			);
			runOnlyForDeploymentPostprocessing = 0;
		};
/* End PBXFrameworksBuildPhase section */

/* Begin PBXGroup section */
		F23E6F3124EE53590013CDC8 = {
			isa = PBXGroup;
			children = (
				F23E6F3C24EE53590013CDC8 /* SUStudy_HW_1 */,
				F23E6F3B24EE53590013CDC8 /* Products */,
			);
			sourceTree = "<group>";
		};
		F23E6F3B24EE53590013CDC8 /* Products */ = {
			isa = PBXGroup;
			children = (
				F23E6F3A24EE53590013CDC8 /* SUStudy_HW_1.app */,
			);
			name = Products;
			sourceTree = "<group>";
		};
		F23E6F3C24EE53590013CDC8 /* SUStudy_HW_1 */ = {
			isa = PBXGroup;
			children = (
				F23E6F5324EE573E0013CDC8 /* MyImage.swift */,
				F23E6F5124EE56610013CDC8 /* MapView.swift */,
				F23E6F3D24EE53590013CDC8 /* AppDelegate.swift */,
				F23E6F3F24EE53590013CDC8 /* SceneDelegate.swift */,
				F23E6F4124EE53590013CDC8 /* ContentView.swift */,
				F23E6F4324EE535D0013CDC8 /* Assets.xcassets */,
				F23E6F4824EE535D0013CDC8 /* LaunchScreen.storyboard */,
				F23E6F4B24EE535D0013CDC8 /* Info.plist */,
				F23E6F4524EE535D0013CDC8 /* Preview Content */,
			);
			path = SUStudy_HW_1;
			sourceTree = "<group>";
		};
		F23E6F4524EE535D0013CDC8 /* Preview Content */ = {
			isa = PBXGroup;
			children = (
				F23E6F4624EE535D0013CDC8 /* Preview Assets.xcassets */,
			);
			path = "Preview Content";
			sourceTree = "<group>";
		};
/* End PBXGroup section */

/* Begin PBXNativeTarget section */
		F23E6F3924EE53590013CDC8 /* SUStudy_HW_1 */ = {
			isa = PBXNativeTarget;
			buildConfigurationList = F23E6F4E24EE535D0013CDC8 /* Build configuration list for PBXNativeTarget "SUStudy_HW_1" */;
			buildPhases = (
				F23E6F3624EE53590013CDC8 /* Sources */,
				F23E6F3724EE53590013CDC8 /* Frameworks */,
				F23E6F3824EE53590013CDC8 /* Resources */,
			);
			buildRules = (
			);
			dependencies = (
			);
			name = SUStudy_HW_1;
			productName = SUStudy_HW_1;
			productReference = F23E6F3A24EE53590013CDC8 /* SUStudy_HW_1.app */;
			productType = "com.apple.product-type.application";
		};
/* End PBXNativeTarget section */

/* Begin PBXProject section */
		F23E6F3224EE53590013CDC8 /* Project object */ = {
			isa = PBXProject;
			attributes = {
				LastSwiftUpdateCheck = 1160;
				LastUpgradeCheck = 1160;
				ORGANIZATIONNAME = "이윤진";
				TargetAttributes = {
					F23E6F3924EE53590013CDC8 = {
						CreatedOnToolsVersion = 11.6;
					};
				};
			};
			buildConfigurationList = F23E6F3524EE53590013CDC8 /* Build configuration list for PBXProject "SUStudy_HW_1" */;
			compatibilityVersion = "Xcode 9.3";
			developmentRegion = en;
			hasScannedForEncodings = 0;
			knownRegions = (
				en,
				Base,
			);
			mainGroup = F23E6F3124EE53590013CDC8;
			productRefGroup = F23E6F3B24EE53590013CDC8 /* Products */;
			projectDirPath = "";
			projectRoot = "";
			targets = (
				F23E6F3924EE53590013CDC8 /* SUStudy_HW_1 */,
			);
		};
/* End PBXProject section */

/* Begin PBXResourcesBuildPhase section */
		F23E6F3824EE53590013CDC8 /* Resources */ = {
			isa = PBXResourcesBuildPhase;
			buildActionMask = 2147483647;
			files = (
				F23E6F4A24EE535D0013CDC8 /* LaunchScreen.storyboard in Resources */,
				F23E6F4724EE535D0013CDC8 /* Preview Assets.xcassets in Resources */,
				F23E6F4424EE535D0013CDC8 /* Assets.xcassets in Resources */,
			);
			runOnlyForDeploymentPostprocessing = 0;
		};
/* End PBXResourcesBuildPhase section */

/* Begin PBXSourcesBuildPhase section */
		F23E6F3624EE53590013CDC8 /* Sources */ = {
			isa = PBXSourcesBuildPhase;
			buildActionMask = 2147483647;
			files = (
				F23E6F3E24EE53590013CDC8 /* AppDelegate.swift in Sources */,
				F23E6F5224EE56610013CDC8 /* MapView.swift in Sources */,
				F23E6F5424EE573E0013CDC8 /* MyImage.swift in Sources */,
				F23E6F4024EE53590013CDC8 /* SceneDelegate.swift in Sources */,
				F23E6F4224EE53590013CDC8 /* ContentView.swift in Sources */,
			);
			runOnlyForDeploymentPostprocessing = 0;
		};
/* End PBXSourcesBuildPhase section */

/* Begin PBXVariantGroup section */
		F23E6F4824EE535D0013CDC8 /* LaunchScreen.storyboard */ = {
			isa = PBXVariantGroup;
			children = (
				F23E6F4924EE535D0013CDC8 /* Base */,
			);
			name = LaunchScreen.storyboard;
			sourceTree = "<group>";
		};
/* End PBXVariantGroup section */

/* Begin XCBuildConfiguration section */
		F23E6F4C24EE535D0013CDC8 /* Debug */ = {
			isa = XCBuildConfiguration;
			buildSettings = {
				ALWAYS_SEARCH_USER_PATHS = NO;
				CLANG_ANALYZER_NONNULL = YES;
				CLANG_ANALYZER_NUMBER_OBJECT_CONVERSION = YES_AGGRESSIVE;
				CLANG_CXX_LANGUAGE_STANDARD = "gnu++14";
				CLANG_CXX_LIBRARY = "libc++";
				CLANG_ENABLE_MODULES = YES;
				CLANG_ENABLE_OBJC_ARC = YES;
				CLANG_ENABLE_OBJC_WEAK = YES;
				CLANG_WARN_BLOCK_CAPTURE_AUTORELEASING = YES;
				CLANG_WARN_BOOL_CONVERSION = YES;
				CLANG_WARN_COMMA = YES;
				CLANG_WARN_CONSTANT_CONVERSION = YES;
				CLANG_WARN_DEPRECATED_OBJC_IMPLEMENTATIONS = YES;
				CLANG_WARN_DIRECT_OBJC_ISA_USAGE = YES_ERROR;
				CLANG_WARN_DOCUMENTATION_COMMENTS = YES;
				CLANG_WARN_EMPTY_BODY = YES;
				CLANG_WARN_ENUM_CONVERSION = YES;
				CLANG_WARN_INFINITE_RECURSION = YES;
				CLANG_WARN_INT_CONVERSION = YES;
				CLANG_WARN_NON_LITERAL_NULL_CONVERSION = YES;
				CLANG_WARN_OBJC_IMPLICIT_RETAIN_SELF = YES;
				CLANG_WARN_OBJC_LITERAL_CONVERSION = YES;
				CLANG_WARN_OBJC_ROOT_CLASS = YES_ERROR;
				CLANG_WARN_RANGE_LOOP_ANALYSIS = YES;
				CLANG_WARN_STRICT_PROTOTYPES = YES;
				CLANG_WARN_SUSPICIOUS_MOVE = YES;
				CLANG_WARN_UNGUARDED_AVAILABILITY = YES_AGGRESSIVE;
				CLANG_WARN_UNREACHABLE_CODE = YES;
				CLANG_WARN__DUPLICATE_METHOD_MATCH = YES;
				COPY_PHASE_STRIP = NO;
				DEBUG_INFORMATION_FORMAT = dwarf;
				ENABLE_STRICT_OBJC_MSGSEND = YES;
				ENABLE_TESTABILITY = YES;
				GCC_C_LANGUAGE_STANDARD = gnu11;
				GCC_DYNAMIC_NO_PIC = NO;
				GCC_NO_COMMON_BLOCKS = YES;
				GCC_OPTIMIZATION_LEVEL = 0;
				GCC_PREPROCESSOR_DEFINITIONS = (
					"DEBUG=1",
					"$(inherited)",
				);
				GCC_WARN_64_TO_32_BIT_CONVERSION = YES;
				GCC_WARN_ABOUT_RETURN_TYPE = YES_ERROR;
				GCC_WARN_UNDECLARED_SELECTOR = YES;
				GCC_WARN_UNINITIALIZED_AUTOS = YES_AGGRESSIVE;
				GCC_WARN_UNUSED_FUNCTION = YES;
				GCC_WARN_UNUSED_VARIABLE = YES;
				IPHONEOS_DEPLOYMENT_TARGET = 13.6;
				MTL_ENABLE_DEBUG_INFO = INCLUDE_SOURCE;
				MTL_FAST_MATH = YES;
				ONLY_ACTIVE_ARCH = YES;
				SDKROOT = iphoneos;
				SWIFT_ACTIVE_COMPILATION_CONDITIONS = DEBUG;
				SWIFT_OPTIMIZATION_LEVEL = "-Onone";
			};
			name = Debug;
		};
		F23E6F4D24EE535D0013CDC8 /* Release */ = {
			isa = XCBuildConfiguration;
			buildSettings = {
				ALWAYS_SEARCH_USER_PATHS = NO;
				CLANG_ANALYZER_NONNULL = YES;
				CLANG_ANALYZER_NUMBER_OBJECT_CONVERSION = YES_AGGRESSIVE;
				CLANG_CXX_LANGUAGE_STANDARD = "gnu++14";
				CLANG_CXX_LIBRARY = "libc++";
				CLANG_ENABLE_MODULES = YES;
				CLANG_ENABLE_OBJC_ARC = YES;
				CLANG_ENABLE_OBJC_WEAK = YES;
				CLANG_WARN_BLOCK_CAPTURE_AUTORELEASING = YES;
				CLANG_WARN_BOOL_CONVERSION = YES;
				CLANG_WARN_COMMA = YES;
				CLANG_WARN_CONSTANT_CONVERSION = YES;
				CLANG_WARN_DEPRECATED_OBJC_IMPLEMENTATIONS = YES;
				CLANG_WARN_DIRECT_OBJC_ISA_USAGE = YES_ERROR;
				CLANG_WARN_DOCUMENTATION_COMMENTS = YES;
				CLANG_WARN_EMPTY_BODY = YES;
				CLANG_WARN_ENUM_CONVERSION = YES;
				CLANG_WARN_INFINITE_RECURSION = YES;
				CLANG_WARN_INT_CONVERSION = YES;
				CLANG_WARN_NON_LITERAL_NULL_CONVERSION = YES;
				CLANG_WARN_OBJC_IMPLICIT_RETAIN_SELF = YES;
				CLANG_WARN_OBJC_LITERAL_CONVERSION = YES;
				CLANG_WARN_OBJC_ROOT_CLASS = YES_ERROR;
				CLANG_WARN_RANGE_LOOP_ANALYSIS = YES;
				CLANG_WARN_STRICT_PROTOTYPES = YES;
				CLANG_WARN_SUSPICIOUS_MOVE = YES;
				CLANG_WARN_UNGUARDED_AVAILABILITY = YES_AGGRESSIVE;
				CLANG_WARN_UNREACHABLE_CODE = YES;
				CLANG_WARN__DUPLICATE_METHOD_MATCH = YES;
				COPY_PHASE_STRIP = NO;
				DEBUG_INFORMATION_FORMAT = "dwarf-with-dsym";
				ENABLE_NS_ASSERTIONS = NO;
				ENABLE_STRICT_OBJC_MSGSEND = YES;
				GCC_C_LANGUAGE_STANDARD = gnu11;
				GCC_NO_COMMON_BLOCKS = YES;
				GCC_WARN_64_TO_32_BIT_CONVERSION = YES;
				GCC_WARN_ABOUT_RETURN_TYPE = YES_ERROR;
				GCC_WARN_UNDECLARED_SELECTOR = YES;
				GCC_WARN_UNINITIALIZED_AUTOS = YES_AGGRESSIVE;
				GCC_WARN_UNUSED_FUNCTION = YES;
				GCC_WARN_UNUSED_VARIABLE = YES;
				IPHONEOS_DEPLOYMENT_TARGET = 13.6;
				MTL_ENABLE_DEBUG_INFO = NO;
				MTL_FAST_MATH = YES;
				SDKROOT = iphoneos;
				SWIFT_COMPILATION_MODE = wholemodule;
				SWIFT_OPTIMIZATION_LEVEL = "-O";
				VALIDATE_PRODUCT = YES;
			};
			name = Release;
		};
		F23E6F4F24EE535D0013CDC8 /* Debug */ = {
			isa = XCBuildConfiguration;
			buildSettings = {
				ASSETCATALOG_COMPILER_APPICON_NAME = AppIcon;
				CODE_SIGN_STYLE = Automatic;
				DEVELOPMENT_ASSET_PATHS = "\"SUStudy_HW_1/Preview Content\"";
				DEVELOPMENT_TEAM = F725AJ242J;
				ENABLE_PREVIEWS = YES;
				INFOPLIST_FILE = SUStudy_HW_1/Info.plist;
				LD_RUNPATH_SEARCH_PATHS = (
					"$(inherited)",
					"@executable_path/Frameworks",
				);
				PRODUCT_BUNDLE_IDENTIFIER = "profitjean.SUStudy-HW-1";
				PRODUCT_NAME = "$(TARGET_NAME)";
				SWIFT_VERSION = 5.0;
				TARGETED_DEVICE_FAMILY = "1,2";
			};
			name = Debug;
		};
		F23E6F5024EE535D0013CDC8 /* Release */ = {
			isa = XCBuildConfiguration;
			buildSettings = {
				ASSETCATALOG_COMPILER_APPICON_NAME = AppIcon;
				CODE_SIGN_STYLE = Automatic;
				DEVELOPMENT_ASSET_PATHS = "\"SUStudy_HW_1/Preview Content\"";
				DEVELOPMENT_TEAM = F725AJ242J;
				ENABLE_PREVIEWS = YES;
				INFOPLIST_FILE = SUStudy_HW_1/Info.plist;
				LD_RUNPATH_SEARCH_PATHS = (
					"$(inherited)",
					"@executable_path/Frameworks",
				);
				PRODUCT_BUNDLE_IDENTIFIER = "profitjean.SUStudy-HW-1";
				PRODUCT_NAME = "$(TARGET_NAME)";
				SWIFT_VERSION = 5.0;
				TARGETED_DEVICE_FAMILY = "1,2";
			};
			name = Release;
		};
/* End XCBuildConfiguration section */

/* Begin XCConfigurationList section */
		F23E6F3524EE53590013CDC8 /* Build configuration list for PBXProject "SUStudy_HW_1" */ = {
			isa = XCConfigurationList;
			buildConfigurations = (
				F23E6F4C24EE535D0013CDC8 /* Debug */,
				F23E6F4D24EE535D0013CDC8 /* Release */,
			);
			defaultConfigurationIsVisible = 0;
			defaultConfigurationName = Release;
		};
		F23E6F4E24EE535D0013CDC8 /* Build configuration list for PBXNativeTarget "SUStudy_HW_1" */ = {
			isa = XCConfigurationList;
			buildConfigurations = (
				F23E6F4F24EE535D0013CDC8 /* Debug */,
				F23E6F5024EE535D0013CDC8 /* Release */,
			);
			defaultConfigurationIsVisible = 0;
			defaultConfigurationName = Release;
		};
/* End XCConfigurationList section */
	};
	rootObject = F23E6F3224EE53590013CDC8 /* Project object */;
}
